
Microsoft Visual Studio Solution File, Format Version 12.00
# Visual Studio Version 17
VisualStudioVersion = 17.2.32630.192
MinimumVisualStudioVersion = 10.0.40219.1
Project("{FAE04EC0-301F-11D3-BF4B-00C04F79EFBC}") = "PetFera", "PetFera\PetFera.csproj", "{74B7EFC8-3F26-46BC-AA03-21066A2E307A}"
EndProject
Global
	GlobalSection(SolutionConfigurationPlatforms) = preSolution
		Debug|Any CPU = Debug|Any CPU
		Release|Any CPU = Release|Any CPU
	EndGlobalSection
	GlobalSection(ProjectConfigurationPlatforms) = postSolution
		{74B7EFC8-3F26-46BC-AA03-21066A2E307A}.Debug|Any CPU.ActiveCfg = Debug|Any CPU
		{74B7EFC8-3F26-46BC-AA03-21066A2E307A}.Debug|Any CPU.Build.0 = Debug|Any CPU
		{74B7EFC8-3F26-46BC-AA03-21066A2E307A}.Release|Any CPU.ActiveCfg = Release|Any CPU
		{74B7EFC8-3F26-46BC-AA03-21066A2E307A}.Release|Any CPU.Build.0 = Release|Any CPU
	EndGlobalSection
	GlobalSection(SolutionProperties) = preSolution
		HideSolutionNode = FALSE
	EndGlobalSection
	GlobalSection(ExtensibilityGlobals) = postSolution
		SolutionGuid = {482378B6-8E60-4D8E-9AA6-72D38AFFFABD}
	EndGlobalSection
EndGlobal
